{
  "name": "sap-python-boilerplate",
  "version": "1.0.0",
  "lockfileVersion": 3,
  "requires": true,
  "packages": {
    "": {
      "name": "sap-python-boilerplate",
      "version": "1.0.0",
      "license": "ISC",
      "dependencies": {
        "@sap-theming/theming-base-content": "^11.16.1",
        "fundamental-styles": "^0.37.0"
      }
    },
    "node_modules/@sap-theming/theming-base-content": {
      "version": "11.16.1",
      "resolved": "https://registry.npmjs.org/@sap-theming/theming-base-content/-/theming-base-content-11.16.1.tgz",
      "integrity": "sha512-722ycND1eY79IgfE+GAoV2Gu6ZdF5BHLJwrSliaQ9RJ5JtEK/oNkWTHIynRKOSfQLRVDvRBW5i8dvJCuwgYqew=="
    },
    "node_modules/@sap-ui/common-css": {
      "version": "0.37.0",
      "resolved": "https://registry.npmjs.org/@sap-ui/common-css/-/common-css-0.37.0.tgz",
      "integrity": "sha512-xZBDPfETVBNsLYgurrPqhqLZLlELKMg9wLU6wJeqsgvSjjYUiIJt8jTNnIR9qPY4Hc2cvjwBxlampLReoZDbAQ==",
      "peer": true,
      "dependencies": {
        "@sap-theming/theming-base-content": "^11.15.0"
      }
    },
    "node_modules/fundamental-styles": {
      "version": "0.37.0",
      "resolved": "https://registry.npmjs.org/fundamental-styles/-/fundamental-styles-0.37.0.tgz",
      "integrity": "sha512-SIVlzqmkAnIFveUwsRmkISWeN5+YthbtKOdSplPjY++WdSvalpa0YD4u8ciNnPucwMxcrCG8QsOqcFNgzwctIg==",
      "peerDependencies": {
        "@sap-theming/theming-base-content": "^11.15.0",
        "@sap-ui/common-css": "0.37.0"
      }
    }
  }
}
